<?xml version="1.0" encoding="utf-8"?>
<Project ToolsVersion="4.0" xmlns="http://schemas.microsoft.com/developer/msbuild/2003">
  <ItemGroup>
    <Filter Include="Game">
      <UniqueIdentifier>{662a0d86-745e-4de9-ae33-13637b28e741}</UniqueIdentifier>
    </Filter>
    <Filter Include="Shader">
      <UniqueIdentifier>{c116a066-7198-4e81-ae15-c223b9f0fe20}</UniqueIdentifier>
    </Filter>
    <Filter Include="Headers">
      <UniqueIdentifier>{54431514-562b-4a9e-9c11-46b90321147b}</UniqueIdentifier>
    </Filter>
    <Filter Include="Prefab">
      <UniqueIdentifier>{4c236e50-0c9b-4856-98ca-b71f6cea1d4c}</UniqueIdentifier>
    </Filter>
    <Filter Include="Test">
      <UniqueIdentifier>{d4e0bb08-4e67-4ce4-8abd-d7b0b6588aad}</UniqueIdentifier>
    </Filter>
    <Filter Include="FSM">
      <UniqueIdentifier>{7b412256-442e-4bcb-952a-0319c0fd1227}</UniqueIdentifier>
    </Filter>
    <Filter Include="Script">
      <UniqueIdentifier>{565dca02-3e03-4554-8ec9-dfc978045924}</UniqueIdentifier>
    </Filter>
    <Filter Include="Prefab\data">
      <UniqueIdentifier>{4cee819a-7ec6-48b4-9bb3-a7d2a0faf294}</UniqueIdentifier>
    </Filter>
    <Filter Include="GameManagers">
      <UniqueIdentifier>{47f1dfe0-aed6-4f63-b21c-2ff3793073b8}</UniqueIdentifier>
    </Filter>
    <Filter Include="Script\Camera">
      <UniqueIdentifier>{5b7d8c63-fc2a-4970-ae3e-79468a1e3e97}</UniqueIdentifier>
    </Filter>
    <Filter Include="Script\Enemy">
      <UniqueIdentifier>{00baeb28-949e-4128-afd6-d07444996a91}</UniqueIdentifier>
    </Filter>
    <Filter Include="FSM\EnemyStates">
      <UniqueIdentifier>{7d236e65-09df-4359-ae64-7c25373f037c}</UniqueIdentifier>
    </Filter>
    <Filter Include="GameActor">
      <UniqueIdentifier>{01263189-9556-4f9c-bb51-c081d8fa20b5}</UniqueIdentifier>
    </Filter>
    <Filter Include="Script\Object">
      <UniqueIdentifier>{133e12b2-926a-4d9e-a7f8-4e4152c2b88a}</UniqueIdentifier>
    </Filter>
    <Filter Include="GameActor\Component">
      <UniqueIdentifier>{e4fc3738-3cca-48b9-a3d9-b93b3a31875c}</UniqueIdentifier>
    </Filter>
    <Filter Include="FSM\Stage">
      <UniqueIdentifier>{fa4864be-08e0-422c-967b-96e45d438dc7}</UniqueIdentifier>
    </Filter>
    <Filter Include="Controler">
      <UniqueIdentifier>{b2635b04-419e-4fcf-8ead-41c21a2f75cd}</UniqueIdentifier>
    </Filter>
    <Filter Include="Data">
      <UniqueIdentifier>{c830beb1-39a8-45f6-a30c-5f0686f3a682}</UniqueIdentifier>
    </Filter>
  </ItemGroup>
  <ItemGroup>
    <ClInclude Include="pch.h">
      <Filter>Headers</Filter>
    </ClInclude>
    <ClInclude Include="kkongchiMoveScript.h">
      <Filter>Script</Filter>
    </ClInclude>
    <ClInclude Include="Editor.h">
      <Filter>Game</Filter>
    </ClInclude>
    <ClInclude Include="Game.h">
      <Filter>Game</Filter>
    </ClInclude>
    <ClInclude Include="TestPlayer.h">
      <Filter>Test</Filter>
    </ClInclude>
    <ClInclude Include="TestSJ.h">
      <Filter>Test</Filter>
    </ClInclude>
    <ClInclude Include="TestSY.h">
      <Filter>Test</Filter>
    </ClInclude>
    <ClInclude Include="TestYR.h">
      <Filter>Test</Filter>
    </ClInclude>
    <ClInclude Include="Main.h">
      <Filter>Game</Filter>
    </ClInclude>
    <ClInclude Include="Sample.h">
      <Filter>Test</Filter>
    </ClInclude>
    <ClInclude Include="PlayerMoveScript.h">
      <Filter>Script</Filter>
    </ClInclude>
    <ClInclude Include="TestYR2.h">
      <Filter>Test</Filter>
    </ClInclude>
    <ClInclude Include="TestYoooooon.h">
      <Filter>Test</Filter>
    </ClInclude>
    <ClInclude Include="PrefabToActor.h">
      <Filter>Prefab</Filter>
    </ClInclude>
    <ClInclude Include="IntroScene.h">
      <Filter>Game</Filter>
    </ClInclude>
    <ClInclude Include="PlayerStates.h">
      <Filter>FSM</Filter>
    </ClInclude>
    <ClInclude Include="GameDefine.h">
      <Filter>Headers</Filter>
    </ClInclude>
    <ClInclude Include="EnemyCollisionManager.h">
      <Filter>GameManagers</Filter>
    </ClInclude>
    <ClInclude Include="EngineCameraMoveScript.h">
      <Filter>Script\Camera</Filter>
    </ClInclude>
    <ClInclude Include="GameCameraMove.h">
      <Filter>Script\Camera</Filter>
    </ClInclude>
    <ClInclude Include="BatMovement.h">
      <Filter>Script\Enemy</Filter>
    </ClInclude>
    <ClInclude Include="BettyMovement.h">
      <Filter>Script\Enemy</Filter>
    </ClInclude>
    <ClInclude Include="WalkerMovement.h">
      <Filter>Script\Enemy</Filter>
    </ClInclude>
    <ClInclude Include="BatStates.h">
      <Filter>FSM\EnemyStates</Filter>
    </ClInclude>
    <ClInclude Include="BettyStates.h">
      <Filter>FSM\EnemyStates</Filter>
    </ClInclude>
    <ClInclude Include="EnemyState.h">
      <Filter>FSM\EnemyStates</Filter>
    </ClInclude>
    <ClInclude Include="HeadRollerStates.h">
      <Filter>FSM\EnemyStates</Filter>
    </ClInclude>
    <ClInclude Include="WalkerStates.h">
      <Filter>FSM\EnemyStates</Filter>
    </ClInclude>
    <ClInclude Include="MageMovement.h">
      <Filter>Script\Enemy</Filter>
    </ClInclude>
    <ClInclude Include="MageStates.h">
      <Filter>FSM\EnemyStates</Filter>
    </ClInclude>
    <ClInclude Include="ProjectileManager.h">
      <Filter>GameManagers</Filter>
    </ClInclude>
    <ClInclude Include="ScriptManager.h">
      <Filter>GameManagers</Filter>
    </ClInclude>
    <ClInclude Include="TCharacter.h">
      <Filter>GameActor</Filter>
    </ClInclude>
    <ClInclude Include="StateInterface.h" />
    <ClInclude Include="TPlayer.h">
      <Filter>GameActor</Filter>
    </ClInclude>
    <ClInclude Include="TInteractable.h">
      <Filter>GameActor</Filter>
    </ClInclude>
    <ClInclude Include="TInteractScriptComponent.h">
      <Filter>GameActor\Component</Filter>
    </ClInclude>
    <ClInclude Include="TEnemy.h">
      <Filter>GameActor</Filter>
    </ClInclude>
    <ClInclude Include="LadderScript.h">
      <Filter>Script\Object</Filter>
    </ClInclude>
    <ClInclude Include="EventManager.h">
      <Filter>GameManagers</Filter>
    </ClInclude>
    <ClInclude Include="FenceScript.h" />
    <ClInclude Include="HeadRollerMovement.h">
      <Filter>Script\Enemy</Filter>
    </ClInclude>
    <ClInclude Include="EnemyScriptBase.h">
      <Filter>Script\Enemy</Filter>
    </ClInclude>
    <ClInclude Include="StageManager.h" />
    <ClInclude Include="UIControler.h">
      <Filter>Controler</Filter>
    </ClInclude>
    <ClInclude Include="TriggerData.h">
      <Filter>Data</Filter>
    </ClInclude>
    <ClInclude Include="MovieControler.h">
      <Filter>Controler</Filter>
    </ClInclude>
  </ItemGroup>
  <ItemGroup>
    <ClCompile Include="pch.cpp">
      <Filter>Headers</Filter>
    </ClCompile>
    <ClCompile Include="kkongchiMoveScript.cpp">
      <Filter>Script</Filter>
    </ClCompile>
    <ClCompile Include="Editor.cpp">
      <Filter>Game</Filter>
    </ClCompile>
    <ClCompile Include="Game.cpp">
      <Filter>Game</Filter>
    </ClCompile>
    <ClCompile Include="TestPlayer.cpp">
      <Filter>Test</Filter>
    </ClCompile>
    <ClCompile Include="TestSJ.cpp">
      <Filter>Test</Filter>
    </ClCompile>
    <ClCompile Include="TestSY.cpp">
      <Filter>Test</Filter>
    </ClCompile>
    <ClCompile Include="TestYR.cpp">
      <Filter>Test</Filter>
    </ClCompile>
    <ClCompile Include="Main.cpp">
      <Filter>Game</Filter>
    </ClCompile>
    <ClCompile Include="Sample.cpp">
      <Filter>Test</Filter>
    </ClCompile>
    <ClCompile Include="PlayerMoveScript.cpp">
      <Filter>Script</Filter>
    </ClCompile>
    <ClCompile Include="TestYR2.cpp">
      <Filter>Test</Filter>
    </ClCompile>
    <ClCompile Include="TestYoooooon.cpp">
      <Filter>Test</Filter>
    </ClCompile>
    <ClCompile Include="PrefabToActor.cpp">
      <Filter>Prefab</Filter>
    </ClCompile>
    <ClCompile Include="IntroScene.cpp">
      <Filter>Game</Filter>
    </ClCompile>
    <ClCompile Include="PlayerStates.cpp">
      <Filter>FSM</Filter>
    </ClCompile>
    <ClCompile Include="EnemyCollisionManager.cpp">
      <Filter>GameManagers</Filter>
    </ClCompile>
    <ClCompile Include="EngineCameraMoveScript.cpp">
      <Filter>Script\Camera</Filter>
    </ClCompile>
    <ClCompile Include="GameCameraMove.cpp">
      <Filter>Script\Camera</Filter>
    </ClCompile>
    <ClCompile Include="BatMovement.cpp">
      <Filter>Script\Enemy</Filter>
    </ClCompile>
    <ClCompile Include="BettyMovement.cpp">
      <Filter>Script\Enemy</Filter>
    </ClCompile>
    <ClCompile Include="WalkerMovement.cpp">
      <Filter>Script\Enemy</Filter>
    </ClCompile>
    <ClCompile Include="MageMovement.cpp">
      <Filter>Script\Enemy</Filter>
    </ClCompile>
    <ClCompile Include="BatStates.cpp">
      <Filter>FSM\EnemyStates</Filter>
    </ClCompile>
    <ClCompile Include="BettyStates.cpp">
      <Filter>FSM\EnemyStates</Filter>
    </ClCompile>
    <ClCompile Include="HeadRollerStates.cpp">
      <Filter>FSM\EnemyStates</Filter>
    </ClCompile>
    <ClCompile Include="WalkerStates.cpp">
      <Filter>FSM\EnemyStates</Filter>
    </ClCompile>
    <ClCompile Include="MageStates.cpp">
      <Filter>FSM\EnemyStates</Filter>
    </ClCompile>
    <ClCompile Include="ProjectileManager.cpp">
      <Filter>GameManagers</Filter>
    </ClCompile>
    <ClCompile Include="ScriptManager.cpp">
      <Filter>GameManagers</Filter>
    </ClCompile>
    <ClCompile Include="TCharacter.cpp">
      <Filter>GameActor</Filter>
    </ClCompile>
    <ClCompile Include="StateInterface.cpp" />
    <ClCompile Include="TPlayer.cpp">
      <Filter>GameActor</Filter>
    </ClCompile>
    <ClCompile Include="TInteractable.cpp">
      <Filter>GameActor</Filter>
    </ClCompile>
    <ClCompile Include="TInteractScriptComponent.cpp">
      <Filter>GameActor\Component</Filter>
    </ClCompile>
    <ClCompile Include="TEnemy.cpp">
      <Filter>GameActor</Filter>
    </ClCompile>
    <ClCompile Include="LadderScript.cpp">
      <Filter>Script\Object</Filter>
    </ClCompile>
    <ClCompile Include="EventManager.cpp">
      <Filter>GameManagers</Filter>
    </ClCompile>
    <ClCompile Include="FenceScript.cpp" />
    <ClCompile Include="HeadRollerMovement.cpp">
      <Filter>Script\Enemy</Filter>
    </ClCompile>
    <ClCompile Include="EnemyScriptBase.cpp">
      <Filter>Script\Enemy</Filter>
    </ClCompile>
    <ClCompile Include="StageManager.cpp" />
    <ClCompile Include="UIControler.cpp">
      <Filter>Controler</Filter>
    </ClCompile>
    <ClCompile Include="MovieControler.cpp">
      <Filter>Controler</Filter>
    </ClCompile>
  </ItemGroup>
  <ItemGroup>
    <FxCompile Include="..\Resources\Shader\skinningShader.hlsl">
      <Filter>Shader</Filter>
    </FxCompile>
    <FxCompile Include="..\Resources\Shader\Sky.hlsl">
      <Filter>Shader</Filter>
    </FxCompile>
    <FxCompile Include="..\Resources\Shader\Default.hlsl">
      <Filter>Shader</Filter>
    </FxCompile>
    <FxCompile Include="..\Resources\Shader\DefaultColor.hlsl">
      <Filter>Shader</Filter>
    </FxCompile>
    <FxCompile Include="..\Resources\Shader\Effect.hlsl">
      <Filter>Shader</Filter>
    </FxCompile>
    <FxCompile Include="..\Resources\Shader\PREffect.hlsl">
      <Filter>Shader</Filter>
    </FxCompile>
    <FxCompile Include="..\Resources\Shader\Bloom.hlsl">
      <Filter>Shader</Filter>
    </FxCompile>
    <FxCompile Include="..\Resources\Shader\Wall.hlsl">
      <Filter>Shader</Filter>
    </FxCompile>
    <FxCompile Include="..\Resources\Shader\Sword.hlsl">
      <Filter>Shader</Filter>
    </FxCompile>
    <FxCompile Include="..\Resources\Shader\DefaultUI.hlsl">
      <Filter>Shader</Filter>
    </FxCompile>
    <FxCompile Include="..\Resources\Shader\SpriteUV.hlsl">
      <Filter>Shader</Filter>
    </FxCompile>
    <FxCompile Include="..\Resources\Shader\Slash.hlsl">
      <Filter>Shader</Filter>
    </FxCompile>
    <FxCompile Include="..\Resources\Shader\CameraFrustum.hlsl">
      <Filter>Shader</Filter>
    </FxCompile>
    <FxCompile Include="..\Resources\Shader\SpriteWorld.hlsl">
      <Filter>Shader</Filter>
    </FxCompile>
    <FxCompile Include="..\Resources\Shader\Blood.hlsl">
      <Filter>Shader</Filter>
    </FxCompile>
    <FxCompile Include="..\Resources\Shader\Wind.hlsl">
      <Filter>Shader</Filter>
    </FxCompile>
    <FxCompile Include="..\Resources\Shader\Weapon.hlsl">
      <Filter>Shader</Filter>
    </FxCompile>
    <FxCompile Include="..\Resources\Shader\Shadow.hlsl">
      <Filter>Shader</Filter>
    </FxCompile>
    <FxCompile Include="..\Resources\Shader\skinningShaderNoLight.hlsl">
      <Filter>Shader</Filter>
    </FxCompile>
  </ItemGroup>
  <ItemGroup>
    <None Include="..\Resources\Shader\Header.hlsli">
      <Filter>Shader</Filter>
    </None>
    <None Include="..\Resources\Shader\MainHeader.hlsli">
      <Filter>Shader</Filter>
    </None>
    <None Include="..\Resources\Prefab\GridBox_Stage_0.map.json">
      <Filter>Prefab\data</Filter>
    </None>
    <None Include="..\Resources\Prefab\GridBox_Stage_1.map.json">
      <Filter>Prefab\data</Filter>
    </None>
    <None Include="..\Resources\Prefab\Stage_0.objects.json">
      <Filter>Prefab\data</Filter>
    </None>
    <None Include="..\Resources\Shader\SkinningHeader.hlsli">
      <Filter>Shader</Filter>
    </None>
  </ItemGroup>
</Project>