<?xml version="1.0" encoding="utf-8"?>
<Project ToolsVersion="4.0" xmlns="http://schemas.microsoft.com/developer/msbuild/2003">
  <ItemGroup>
    <Filter Include="Game">
      <UniqueIdentifier>{662a0d86-745e-4de9-ae33-13637b28e741}</UniqueIdentifier>
    </Filter>
    <Filter Include="Shader">
      <UniqueIdentifier>{c116a066-7198-4e81-ae15-c223b9f0fe20}</UniqueIdentifier>
    </Filter>
    <Filter Include="Headers">
      <UniqueIdentifier>{54431514-562b-4a9e-9c11-46b90321147b}</UniqueIdentifier>
    </Filter>
    <Filter Include="Script">
      <UniqueIdentifier>{565dca02-3e03-4554-8ec9-dfc978045924}</UniqueIdentifier>
    </Filter>
    <Filter Include="Prefab">
      <UniqueIdentifier>{4c236e50-0c9b-4856-98ca-b71f6cea1d4c}</UniqueIdentifier>
    </Filter>
    <Filter Include="Test">
      <UniqueIdentifier>{d4e0bb08-4e67-4ce4-8abd-d7b0b6588aad}</UniqueIdentifier>
    </Filter>
    <Filter Include="FSM">
      <UniqueIdentifier>{7b412256-442e-4bcb-952a-0319c0fd1227}</UniqueIdentifier>
    </Filter>
  </ItemGroup>
  <ItemGroup>
    <ClInclude Include="pch.h">
      <Filter>Headers</Filter>
    </ClInclude>
    <ClInclude Include="EngineCameraMoveScript.h">
      <Filter>Script</Filter>
    </ClInclude>
    <ClInclude Include="kkongchiMoveScript.h">
      <Filter>Script</Filter>
    </ClInclude>
    <ClInclude Include="Editor.h">
      <Filter>Game</Filter>
    </ClInclude>
    <ClInclude Include="Game.h">
      <Filter>Game</Filter>
    </ClInclude>
    <ClInclude Include="TestPlayer.h">
      <Filter>Test</Filter>
    </ClInclude>
    <ClInclude Include="TestSJ.h">
      <Filter>Test</Filter>
    </ClInclude>
    <ClInclude Include="TestSY.h">
      <Filter>Test</Filter>
    </ClInclude>
    <ClInclude Include="TestYR.h">
      <Filter>Test</Filter>
    </ClInclude>
    <ClInclude Include="Main.h">
      <Filter>Game</Filter>
    </ClInclude>
    <ClInclude Include="Sample.h">
      <Filter>Test</Filter>
    </ClInclude>
    <ClInclude Include="PlayerMoveScript.h">
      <Filter>Script</Filter>
    </ClInclude>
    <ClInclude Include="TestYR2.h">
      <Filter>Test</Filter>
    </ClInclude>
    <ClInclude Include="TestYoooooon.h">
      <Filter>Test</Filter>
    </ClInclude>
    <ClInclude Include="PlayerStates.h">
      <Filter>FSM</Filter>
    </ClInclude>
    <ClInclude Include="HeadRollerMove.h">
      <Filter>Script</Filter>
    </ClInclude>
    <ClInclude Include="HeadRollerStates.h">
      <Filter>FSM</Filter>
    </ClInclude>
    <ClInclude Include="EnemyState.h">
      <Filter>FSM</Filter>
    </ClInclude>
  </ItemGroup>
  <ItemGroup>
    <ClCompile Include="pch.cpp">
      <Filter>Headers</Filter>
    </ClCompile>
    <ClCompile Include="EngineCameraMoveScript.cpp">
      <Filter>Script</Filter>
    </ClCompile>
    <ClCompile Include="kkongchiMoveScript.cpp">
      <Filter>Script</Filter>
    </ClCompile>
    <ClCompile Include="Editor.cpp">
      <Filter>Game</Filter>
    </ClCompile>
    <ClCompile Include="Game.cpp">
      <Filter>Game</Filter>
    </ClCompile>
    <ClCompile Include="TestPlayer.cpp">
      <Filter>Test</Filter>
    </ClCompile>
    <ClCompile Include="TestSJ.cpp">
      <Filter>Test</Filter>
    </ClCompile>
    <ClCompile Include="TestSY.cpp">
      <Filter>Test</Filter>
    </ClCompile>
    <ClCompile Include="TestYR.cpp">
      <Filter>Test</Filter>
    </ClCompile>
    <ClCompile Include="Main.cpp">
      <Filter>Game</Filter>
    </ClCompile>
    <ClCompile Include="Sample.cpp">
      <Filter>Test</Filter>
    </ClCompile>
    <ClCompile Include="PlayerMoveScript.cpp">
      <Filter>Script</Filter>
    </ClCompile>
    <ClCompile Include="TestYR2.cpp">
      <Filter>Test</Filter>
    </ClCompile>
    <ClCompile Include="TestYoooooon.cpp">
      <Filter>Test</Filter>
    </ClCompile>
  </ItemGroup>
  <ItemGroup>
    <FxCompile Include="..\Resources\Shader\skinningShader.hlsl">
      <Filter>Shader</Filter>
    </FxCompile>
    <FxCompile Include="..\Resources\Shader\Sky.hlsl">
      <Filter>Shader</Filter>
    </FxCompile>
    <FxCompile Include="..\Resources\Shader\Default.hlsl">
      <Filter>Shader</Filter>
    </FxCompile>
    <FxCompile Include="..\Resources\Shader\DefaultColor.hlsl">
      <Filter>Shader</Filter>
    </FxCompile>
    <FxCompile Include="..\Resources\Shader\Effect.hlsl">
      <Filter>Shader</Filter>
    </FxCompile>
    <FxCompile Include="..\Resources\Shader\PREffect.hlsl">
      <Filter>Shader</Filter>
    </FxCompile>
    <FxCompile Include="..\Resources\Shader\Bloom.hlsl">
      <Filter>Shader</Filter>
    </FxCompile>
    <FxCompile Include="..\Resources\Shader\Wall.hlsl">
      <Filter>Shader</Filter>
    </FxCompile>
    <FxCompile Include="..\Resources\Shader\Sword.hlsl">
      <Filter>Shader</Filter>
    </FxCompile>
    <FxCompile Include="..\Resources\Shader\UVSlice.hlsl">
      <Filter>Shader</Filter>
    </FxCompile>
    <FxCompile Include="..\Resources\Shader\SpriteUV.hlsl">
      <Filter>Shader</Filter>
    </FxCompile>
    <FxCompile Include="..\Resources\Shader\Slash.hlsl">
      <Filter>Shader</Filter>
    </FxCompile>
    <FxCompile Include="..\Resources\Shader\CameraFrustum.hlsl">
      <Filter>Shader</Filter>
    </FxCompile>
  </ItemGroup>
  <ItemGroup>
    <None Include="..\Resources\Shader\Header.hlsli">
      <Filter>Shader</Filter>
    </None>
    <None Include="..\Resources\Prefab\MyTile.map.json">
      <Filter>Prefab</Filter>
    </None>
    <None Include="..\Resources\Shader\MainHeader.hlsli">
      <Filter>Shader</Filter>
    </None>
  </ItemGroup>
</Project>