<?xml version="1.0" encoding="utf-8"?>
<Project ToolsVersion="4.0" xmlns="http://schemas.microsoft.com/developer/msbuild/2003">
  <ItemGroup>
    <Filter Include="Game">
      <UniqueIdentifier>{662a0d86-745e-4de9-ae33-13637b28e741}</UniqueIdentifier>
    </Filter>
    <Filter Include="Shader">
      <UniqueIdentifier>{c116a066-7198-4e81-ae15-c223b9f0fe20}</UniqueIdentifier>
    </Filter>
    <Filter Include="Headers">
      <UniqueIdentifier>{54431514-562b-4a9e-9c11-46b90321147b}</UniqueIdentifier>
    </Filter>
    <Filter Include="Script">
      <UniqueIdentifier>{565dca02-3e03-4554-8ec9-dfc978045924}</UniqueIdentifier>
    </Filter>
  </ItemGroup>
  <ItemGroup>
    <ClInclude Include="Main.h" />
    <ClInclude Include="pch.h">
      <Filter>Headers</Filter>
    </ClInclude>
    <ClInclude Include="Sample.h">
      <Filter>Game</Filter>
    </ClInclude>
    <ClInclude Include="TestYR.h">
      <Filter>Game</Filter>
    </ClInclude>
    <ClInclude Include="TestSJ.h">
      <Filter>Game</Filter>
    </ClInclude>
    <ClInclude Include="TestSY.h">
      <Filter>Game</Filter>
    </ClInclude>
    <ClInclude Include="EngineCameraMoveScript.h">
      <Filter>Script</Filter>
    </ClInclude>
    <ClInclude Include="kkongchiMoveScript.h">
      <Filter>Script</Filter>
    </ClInclude>
    <ClInclude Include="Editor.h">
      <Filter>Game</Filter>
    </ClInclude>
    <ClInclude Include="PlayerMoveScript.h" />
    <ClInclude Include="TestPlayer.h" />
  </ItemGroup>
  <ItemGroup>
    <ClCompile Include="Main.cpp" />
    <ClCompile Include="pch.cpp">
      <Filter>Headers</Filter>
    </ClCompile>
    <ClCompile Include="Sample.cpp">
      <Filter>Game</Filter>
    </ClCompile>
    <ClCompile Include="TestSJ.cpp">
      <Filter>Game</Filter>
    </ClCompile>
    <ClCompile Include="TestYR.cpp">
      <Filter>Game</Filter>
    </ClCompile>
    <ClCompile Include="TestSY.cpp">
      <Filter>Game</Filter>
    </ClCompile>
    <ClCompile Include="EngineCameraMoveScript.cpp">
      <Filter>Script</Filter>
    </ClCompile>
    <ClCompile Include="kkongchiMoveScript.cpp">
      <Filter>Script</Filter>
    </ClCompile>
    <ClCompile Include="Editor.cpp">
      <Filter>Game</Filter>
    </ClCompile>
    <ClCompile Include="PlayerMoveScript.cpp" />
    <ClCompile Include="TestPlayer.cpp" />
  </ItemGroup>
  <ItemGroup>
    <FxCompile Include="..\Resources\Shader\skinningShader.hlsl">
      <Filter>Shader</Filter>
    </FxCompile>
    <FxCompile Include="..\Resources\Shader\Effect.hlsl">
      <Filter>Shader</Filter>
    </FxCompile>
    <FxCompile Include="..\Resources\Shader\Sword.hlsl">
      <Filter>Shader</Filter>
    </FxCompile>
  </ItemGroup>
  <ItemGroup>
    <None Include="..\Resources\Shader\Header.hlsli">
      <Filter>Shader</Filter>
    </None>
  </ItemGroup>
</Project>