<?xml version="1.0" encoding="utf-8"?>
<Project ToolsVersion="4.0" xmlns="http://schemas.microsoft.com/developer/msbuild/2003">
  <ItemGroup>
    <ClCompile Include="Device.cpp" />
    <ClCompile Include="DxState.cpp" />
    <ClCompile Include="DxWrite.cpp" />
    <ClCompile Include="Engine.cpp" />
    <ClCompile Include="IExecute.cpp" />
    <ClCompile Include="Input.cpp" />
    <ClCompile Include="Inputlayout.cpp" />
    <ClCompile Include="pch.cpp" />
    <ClCompile Include="Shader.cpp" />
    <ClCompile Include="SimpleMath.cpp" />
    <ClCompile Include="Texture.cpp" />
    <ClCompile Include="UMaterial.cpp" />
    <ClCompile Include="UActorComponent.cpp" />
    <ClCompile Include="UMeshComponent.cpp" />
    <ClCompile Include="UMeshData.cpp" />
    <ClCompile Include="UPrimitiveComponent.cpp" />
    <ClCompile Include="USceneComponent.cpp" />
    <ClCompile Include="UStaticMeshComponent.cpp" />
    <ClCompile Include="Vertex.cpp" />
    <ClCompile Include="Window.cpp" />
    <ClCompile Include="Timer.cpp" />
  </ItemGroup>
  <ItemGroup>
    <ClInclude Include="Define.h" />
    <ClInclude Include="Device.h" />
    <ClInclude Include="DxState.h" />
    <ClInclude Include="DxWrite.h" />
    <ClInclude Include="Engine.h" />
    <ClInclude Include="EnginePch.h" />
    <ClInclude Include="framework.h" />
    <ClInclude Include="Functions.h" />
    <ClInclude Include="IExecute.h" />
    <ClInclude Include="Input.h" />
    <ClInclude Include="Inputlayout.h" />
    <ClInclude Include="pch.h" />
    <ClInclude Include="Shader.h" />
    <ClInclude Include="SimpleMath.h" />
    <ClInclude Include="Singleton.h" />
    <ClInclude Include="Texture.h" />
    <ClInclude Include="Types.h" />
    <ClInclude Include="UMaterial.h" />
    <ClInclude Include="UActorComponent.h" />
    <ClInclude Include="UMeshComponent.h" />
    <ClInclude Include="UMeshData.h" />
    <ClInclude Include="UPrimitiveComponent.h" />
    <ClInclude Include="USceneComponent.h" />
    <ClInclude Include="UStaticMeshComponent.h" />
    <ClInclude Include="Vertex.h" />
    <ClInclude Include="Window.h" />
    <ClInclude Include="Timer.h" />
  </ItemGroup>
  <ItemGroup>
    <None Include="SimpleMath.inl" />
    <None Include="..\.gitignore" />
  </ItemGroup>
</Project>