<?xml version="1.0" encoding="utf-8"?>
<Project ToolsVersion="4.0" xmlns="http://schemas.microsoft.com/developer/msbuild/2003">
  <ItemGroup>
    <Filter Include="Core">
      <UniqueIdentifier>{e6f178ac-cc43-4ac2-9338-206709a76a9e}</UniqueIdentifier>
    </Filter>
    <Filter Include="Headers">
      <UniqueIdentifier>{9b3bb592-7f07-4672-aa5f-6b7c2b9ead7e}</UniqueIdentifier>
    </Filter>
    <Filter Include="Resources">
      <UniqueIdentifier>{a207f42f-3cff-4942-9740-f24ad778d028}</UniqueIdentifier>
    </Filter>
    <Filter Include="Utils">
      <UniqueIdentifier>{1a8a559b-73e6-4c10-8b3a-019f45e8cb91}</UniqueIdentifier>
    </Filter>
    <Filter Include="Headers\Template">
      <UniqueIdentifier>{098b33bb-db5c-4539-8e38-1864f777ae0d}</UniqueIdentifier>
    </Filter>
    <Filter Include="Material">
      <UniqueIdentifier>{912625d0-fb6c-4b48-b33e-38dcf4f0a494}</UniqueIdentifier>
    </Filter>
    <Filter Include="Object">
      <UniqueIdentifier>{cce268ec-dff1-4d21-a0df-a09c046f6176}</UniqueIdentifier>
    </Filter>
    <Filter Include="FSM">
      <UniqueIdentifier>{35275572-9699-4c69-a6e1-17a93b94604c}</UniqueIdentifier>
    </Filter>
    <Filter Include="Utils\ImGUI">
      <UniqueIdentifier>{d7d517c4-cbd4-4729-a5b6-1a413df3da3f}</UniqueIdentifier>
    </Filter>
    <Filter Include="Component">
      <UniqueIdentifier>{ac3363d2-7a9f-44d7-9030-54462332771e}</UniqueIdentifier>
    </Filter>
    <Filter Include="Component\Mesh">
      <UniqueIdentifier>{160083ba-d5d3-4f5e-8d5e-b15bda4cb24e}</UniqueIdentifier>
    </Filter>
    <Filter Include="Headers\Data">
      <UniqueIdentifier>{e02486f4-92b8-4b1a-875a-740aa34e8fe1}</UniqueIdentifier>
    </Filter>
    <Filter Include="Object\Sky">
      <UniqueIdentifier>{168048c2-d65f-4442-bbae-75e7951c1b87}</UniqueIdentifier>
    </Filter>
    <Filter Include="Object\Camera">
      <UniqueIdentifier>{8276641c-8aae-47c4-9e81-3136f9c16ef7}</UniqueIdentifier>
    </Filter>
    <Filter Include="Component\Camera">
      <UniqueIdentifier>{869a41a7-950b-45c9-9377-436cbe4874e1}</UniqueIdentifier>
    </Filter>
    <Filter Include="Object\Terrain">
      <UniqueIdentifier>{db883b90-c3ad-42eb-9e41-ccb074d6db46}</UniqueIdentifier>
    </Filter>
    <Filter Include="Component\Terrain">
      <UniqueIdentifier>{2f8caf15-6414-4748-998a-486e38e67642}</UniqueIdentifier>
    </Filter>
    <Filter Include="Component\Script">
      <UniqueIdentifier>{08cb7475-0a3d-4b3b-8c4a-4e95e3a8ec40}</UniqueIdentifier>
    </Filter>
  </ItemGroup>
  <ItemGroup>
    <ClInclude Include="Define.h">
      <Filter>Headers</Filter>
    </ClInclude>
    <ClInclude Include="Device.h">
      <Filter>Core</Filter>
    </ClInclude>
    <ClInclude Include="ACharacter.h">
      <Filter>Object</Filter>
    </ClInclude>
    <ClInclude Include="APawn.h">
      <Filter>Object</Filter>
    </ClInclude>
    <ClInclude Include="IExecute.h">
      <Filter>Core</Filter>
    </ClInclude>
    <ClInclude Include="Input.h">
      <Filter>Core</Filter>
    </ClInclude>
    <ClInclude Include="Inputlayout.h">
      <Filter>Resources</Filter>
    </ClInclude>
    <ClInclude Include="Shader.h">
      <Filter>Resources</Filter>
    </ClInclude>
    <ClInclude Include="Singleton.h">
      <Filter>Headers\Template</Filter>
    </ClInclude>
    <ClInclude Include="Types.h">
      <Filter>Headers</Filter>
    </ClInclude>
    <ClInclude Include="Window.h">
      <Filter>Core</Filter>
    </ClInclude>
    <ClInclude Include="Texture.h">
      <Filter>Resources</Filter>
    </ClInclude>
    <ClInclude Include="DxWrite.h">
      <Filter>Core</Filter>
    </ClInclude>
    <ClInclude Include="UMaterial.h">
      <Filter>Material</Filter>
    </ClInclude>
    <ClInclude Include="USceneComponent.h">
      <Filter>Component\Mesh</Filter>
    </ClInclude>
    <ClInclude Include="UMeshComponent.h">
      <Filter>Component\Mesh</Filter>
    </ClInclude>
    <ClInclude Include="UStaticMeshComponent.h">
      <Filter>Component\Mesh</Filter>
    </ClInclude>
    <ClInclude Include="Timer.h">
      <Filter>Core</Filter>
    </ClInclude>
    <ClInclude Include="AActor.h">
      <Filter>Object</Filter>
    </ClInclude>
    <ClInclude Include="ACharacter.h">
      <Filter>Object</Filter>
    </ClInclude>
    <ClInclude Include="APawn.h">
      <Filter>Object</Filter>
    </ClInclude>
    <ClInclude Include="DxState.h">
      <Filter>Core</Filter>
    </ClInclude>
    <ClInclude Include="imconfig.h">
      <Filter>Utils\ImGUI</Filter>
    </ClInclude>
    <ClInclude Include="imgui.h">
      <Filter>Utils\ImGUI</Filter>
    </ClInclude>
    <ClInclude Include="imgui_impl_dx11.h">
      <Filter>Utils\ImGUI</Filter>
    </ClInclude>
    <ClInclude Include="imgui_impl_win32.h">
      <Filter>Utils\ImGUI</Filter>
    </ClInclude>
    <ClInclude Include="imgui_internal.h">
      <Filter>Utils\ImGUI</Filter>
    </ClInclude>
    <ClInclude Include="imstb_rectpack.h">
      <Filter>Utils\ImGUI</Filter>
    </ClInclude>
    <ClInclude Include="imstb_textedit.h">
      <Filter>Utils\ImGUI</Filter>
    </ClInclude>
    <ClInclude Include="imstb_truetype.h">
      <Filter>Utils\ImGUI</Filter>
    </ClInclude>
    <ClInclude Include="ImGuiCore.h">
      <Filter>Core</Filter>
    </ClInclude>
    <ClInclude Include="USkinnedComponent.h">
      <Filter>Component\Mesh</Filter>
    </ClInclude>
    <ClInclude Include="UActorComponent.h">
      <Filter>Component</Filter>
    </ClInclude>
    <ClInclude Include="UPrimitiveComponent.h">
      <Filter>Component</Filter>
    </ClInclude>
    <ClInclude Include="Vertex.h">
      <Filter>Headers\Data</Filter>
    </ClInclude>
    <ClInclude Include="EnginePch.h">
      <Filter>Headers</Filter>
    </ClInclude>
    <ClInclude Include="Engine.h">
      <Filter>Core</Filter>
    </ClInclude>
    <ClInclude Include="pch.h">
      <Filter>Headers</Filter>
    </ClInclude>
    <ClInclude Include="framework.h">
      <Filter>Headers</Filter>
    </ClInclude>
    <ClInclude Include="Functions.h">
      <Filter>Utils</Filter>
    </ClInclude>
    <ClInclude Include="ASky.h">
      <Filter>Object\Sky</Filter>
    </ClInclude>
    <ClInclude Include="Sound.h">
      <Filter>Core</Filter>
    </ClInclude>
    <ClInclude Include="UObject.h">
      <Filter>Object</Filter>
    </ClInclude>
    <ClInclude Include="ACameraActor.h">
      <Filter>Object\Camera</Filter>
    </ClInclude>
    <ClInclude Include="UCameraComponent.h">
      <Filter>Component\Camera</Filter>
    </ClInclude>
    <ClInclude Include="ATerrainTileActor.h">
      <Filter>Object\Terrain</Filter>
    </ClInclude>
    <ClInclude Include="UTerrainMeshComponent.h">
      <Filter>Component\Terrain</Filter>
    </ClInclude>
    <ClInclude Include="UScriptComponent.h">
      <Filter>Component\Script</Filter>
    </ClInclude>
    <ClInclude Include="AAsset.h" />
    <ClInclude Include="FbxLoader.h" />
    <ClInclude Include="UAnimation.h" />
  </ItemGroup>
  <ItemGroup>
    <ClCompile Include="Device.cpp">
      <Filter>Core</Filter>
    </ClCompile>
    <ClCompile Include="DxState.cpp">
      <Filter>Core</Filter>
    </ClCompile>
    <ClCompile Include="Engine.cpp">
      <Filter>Core</Filter>
    </ClCompile>
    <ClCompile Include="IExecute.cpp">
      <Filter>Core</Filter>
    </ClCompile>
    <ClCompile Include="Input.cpp">
      <Filter>Core</Filter>
    </ClCompile>
    <ClCompile Include="Inputlayout.cpp">
      <Filter>Resources</Filter>
    </ClCompile>
    <ClCompile Include="Shader.cpp">
      <Filter>Resources</Filter>
    </ClCompile>
    <ClCompile Include="Window.cpp">
      <Filter>Core</Filter>
    </ClCompile>
    <ClCompile Include="Texture.cpp">
      <Filter>Resources</Filter>
    </ClCompile>
    <ClCompile Include="DxWrite.cpp">
      <Filter>Core</Filter>
    </ClCompile>
    <ClCompile Include="UMaterial.cpp">
      <Filter>Material</Filter>
    </ClCompile>
    <ClCompile Include="USceneComponent.cpp">
      <Filter>Component\Mesh</Filter>
    </ClCompile>
    <ClCompile Include="UMeshComponent.cpp">
      <Filter>Component\Mesh</Filter>
    </ClCompile>
    <ClCompile Include="UStaticMeshComponent.cpp">
      <Filter>Component\Mesh</Filter>
    </ClCompile>
    <ClCompile Include="Timer.cpp">
      <Filter>Core</Filter>
    </ClCompile>
    <ClCompile Include="AActor.cpp">
      <Filter>Object</Filter>
    </ClCompile>
    <ClCompile Include="ACharacter.cpp">
      <Filter>Object</Filter>
    </ClCompile>
    <ClCompile Include="APawn.cpp">
      <Filter>Object</Filter>
    </ClCompile>
    <ClCompile Include="imgui.cpp">
      <Filter>Utils\ImGUI</Filter>
    </ClCompile>
    <ClCompile Include="imgui_demo.cpp">
      <Filter>Utils\ImGUI</Filter>
    </ClCompile>
    <ClCompile Include="imgui_draw.cpp">
      <Filter>Utils\ImGUI</Filter>
    </ClCompile>
    <ClCompile Include="imgui_impl_dx11.cpp">
      <Filter>Utils\ImGUI</Filter>
    </ClCompile>
    <ClCompile Include="imgui_impl_win32.cpp">
      <Filter>Utils\ImGUI</Filter>
    </ClCompile>
    <ClCompile Include="imgui_tables.cpp">
      <Filter>Utils\ImGUI</Filter>
    </ClCompile>
    <ClCompile Include="imgui_widgets.cpp">
      <Filter>Utils\ImGUI</Filter>
    </ClCompile>
    <ClCompile Include="ImGuiCore.cpp">
      <Filter>Core</Filter>
    </ClCompile>
    <ClCompile Include="USkinnedComponent.cpp">
      <Filter>Component\Mesh</Filter>
    </ClCompile>
    <ClCompile Include="UActorComponent.cpp">
      <Filter>Component</Filter>
    </ClCompile>
    <ClCompile Include="UPrimitiveComponent.cpp">
      <Filter>Component</Filter>
    </ClCompile>
    <ClCompile Include="UObject.cpp">
      <Filter>Component</Filter>
    </ClCompile>
    <ClCompile Include="Vertex.cpp">
      <Filter>Headers\Data</Filter>
    </ClCompile>
    <ClCompile Include="pch.cpp">
      <Filter>Headers</Filter>
    </ClCompile>
    <ClCompile Include="ASky.cpp">
      <Filter>Object\Sky</Filter>
    </ClCompile>
    <ClCompile Include="Sound.cpp">
      <Filter>Core</Filter>
    </ClCompile>
    <ClCompile Include="USkinnedComponent.cpp">
      <Filter>Component\Mesh</Filter>
    </ClCompile>
    <ClCompile Include="UObject.cpp">
      <Filter>Object</Filter>
    </ClCompile>
    <ClCompile Include="ACameraActor.cpp">
      <Filter>Object\Camera</Filter>
    </ClCompile>
    <ClCompile Include="UCameraComponent.cpp">
      <Filter>Component\Camera</Filter>
    </ClCompile>
    <ClCompile Include="ATerrainTileActor.cpp">
      <Filter>Object\Terrain</Filter>
    </ClCompile>
    <ClCompile Include="UTerrainMeshComponent.cpp">
      <Filter>Component\Terrain</Filter>
    </ClCompile>
    <ClCompile Include="UScriptComponent.cpp">
      <Filter>Component\Script</Filter>
    </ClCompile>
    <ClCompile Include="AAsset.cpp" />
    <ClCompile Include="FbxLoader.cpp" />
    <ClCompile Include="UAnimation.cpp" />
  </ItemGroup>
  <ItemGroup>
    <None Include="..\.gitignore" />
  </ItemGroup>
</Project>