<?xml version="1.0" encoding="utf-8"?>
<Project ToolsVersion="4.0" xmlns="http://schemas.microsoft.com/developer/msbuild/2003">
  <ItemGroup>
    <Filter Include="소스 파일">
      <UniqueIdentifier>{4FC737F1-C7A5-4376-A066-2A32D752A2FF}</UniqueIdentifier>
      <Extensions>cpp;c;cc;cxx;c++;cppm;ixx;def;odl;idl;hpj;bat;asm;asmx</Extensions>
    </Filter>
    <Filter Include="헤더 파일">
      <UniqueIdentifier>{93995380-89BD-4b04-88EB-625FBE52EBFB}</UniqueIdentifier>
      <Extensions>h;hh;hpp;hxx;h++;hm;inl;inc;ipp;xsd</Extensions>
    </Filter>
    <Filter Include="리소스 파일">
      <UniqueIdentifier>{67DA6AB6-F800-4c08-8B7A-83BB121AAD01}</UniqueIdentifier>
      <Extensions>rc;ico;cur;bmp;dlg;rc2;rct;bin;rgs;gif;jpg;jpeg;jpe;resx;tiff;tif;png;wav;mfcribbon-ms</Extensions>
    </Filter>
    <Filter Include="Core">
      <UniqueIdentifier>{e6f178ac-cc43-4ac2-9338-206709a76a9e}</UniqueIdentifier>
    </Filter>
    <Filter Include="Headers">
      <UniqueIdentifier>{9b3bb592-7f07-4672-aa5f-6b7c2b9ead7e}</UniqueIdentifier>
    </Filter>
    <Filter Include="Resources">
      <UniqueIdentifier>{a207f42f-3cff-4942-9740-f24ad778d028}</UniqueIdentifier>
    </Filter>
    <Filter Include="Utils">
      <UniqueIdentifier>{1a8a559b-73e6-4c10-8b3a-019f45e8cb91}</UniqueIdentifier>
    </Filter>
    <Filter Include="Headers\Template">
      <UniqueIdentifier>{098b33bb-db5c-4539-8e38-1864f777ae0d}</UniqueIdentifier>
    </Filter>
    <Filter Include="Material">
      <UniqueIdentifier>{912625d0-fb6c-4b48-b33e-38dcf4f0a494}</UniqueIdentifier>
    </Filter>
    <Filter Include="Mesh">
      <UniqueIdentifier>{160083ba-d5d3-4f5e-8d5e-b15bda4cb24e}</UniqueIdentifier>
    </Filter>
    <Filter Include="Camera">
      <UniqueIdentifier>{77029347-f335-4252-899b-47766a853dd9}</UniqueIdentifier>
    </Filter>
    <Filter Include="Object">
      <UniqueIdentifier>{cce268ec-dff1-4d21-a0df-a09c046f6176}</UniqueIdentifier>
    </Filter>
    <Filter Include="FSM">
      <UniqueIdentifier>{35275572-9699-4c69-a6e1-17a93b94604c}</UniqueIdentifier>
    </Filter>
  </ItemGroup>
  <ItemGroup>
    <ClInclude Include="framework.h">
      <Filter>헤더 파일</Filter>
    </ClInclude>
    <ClInclude Include="pch.h">
      <Filter>헤더 파일</Filter>
    </ClInclude>
    <ClInclude Include="Define.h">
      <Filter>Headers</Filter>
    </ClInclude>
    <ClInclude Include="Device.h">
      <Filter>Core</Filter>
    </ClInclude>
    <ClInclude Include="ACharacter.h">
      <Filter>Object</Filter>
    </ClInclude>
    <ClInclude Include="APawn.h">
      <Filter>Object</Filter>
    </ClInclude>
    <ClInclude Include="UObject.h">
      <Filter>Object</Filter>
    </ClInclude>
    <ClInclude Include="IExecute.h">
      <Filter>Core</Filter>
    </ClInclude>
    <ClInclude Include="Input.h">
      <Filter>Core</Filter>
    </ClInclude>
    <ClInclude Include="Inputlayout.h">
      <Filter>Resources</Filter>
    </ClInclude>
    <ClInclude Include="Shader.h">
      <Filter>Resources</Filter>
    </ClInclude>
    <ClInclude Include="SimpleMath.h">
      <Filter>Utils</Filter>
    </ClInclude>
    <ClInclude Include="Singleton.h">
      <Filter>Headers\Template</Filter>
    </ClInclude>
    <ClInclude Include="Types.h">
      <Filter>Headers</Filter>
    </ClInclude>
    <ClInclude Include="Window.h">
      <Filter>Core</Filter>
    </ClInclude>
    <ClInclude Include="Texture.h">
      <Filter>Resources</Filter>
    </ClInclude>
    <ClInclude Include="EnginePch.h">
      <Filter>헤더 파일</Filter>
    </ClInclude>
    <ClInclude Include="DxWrite.h">
      <Filter>Core</Filter>
    </ClInclude>
    <ClInclude Include="UMaterial.h">
      <Filter>Material</Filter>
    </ClInclude>
    <ClInclude Include="UActorComponent.h">
      <Filter>Mesh</Filter>
    </ClInclude>
    <ClInclude Include="USceneComponent.h">
      <Filter>Mesh</Filter>
    </ClInclude>
    <ClInclude Include="UMeshComponent.h">
      <Filter>Mesh</Filter>
    </ClInclude>
    <ClInclude Include="UPrimitiveComponent.h">
      <Filter>Mesh</Filter>
    </ClInclude>
    <ClInclude Include="UStaticMeshComponent.h">
      <Filter>Mesh</Filter>
    </ClInclude>
    <ClInclude Include="Vertex.h">
      <Filter>헤더 파일</Filter>
    </ClInclude>
    <ClInclude Include="UMeshData.h">
      <Filter>헤더 파일</Filter>
    </ClInclude>
    <ClInclude Include="Timer.h">
      <Filter>Core</Filter>
    </ClInclude>
    <ClInclude Include="CameraComponent.h">
      <Filter>Camera</Filter>
    </ClInclude>
    <ClInclude Include="AActor.h">
      <Filter>Object</Filter>
    </ClInclude>
    <ClInclude Include="ACharacter.h">
      <Filter>Object</Filter>
    </ClInclude>
    <ClInclude Include="APawn.h">
      <Filter>Object</Filter>
    </ClInclude>
    <ClInclude Include="UObject.h">
      <Filter>Object</Filter>
    </ClInclude>
    <ClInclude Include="DxState.h">
      <Filter>헤더 파일</Filter>
    </ClInclude>
    <ClInclude Include="Engine.h">
      <Filter>헤더 파일</Filter>
    </ClInclude>
    <ClInclude Include="Functions.h">
      <Filter>헤더 파일</Filter>
    </ClInclude>
    <ClInclude Include="USkinnedComponent.h">
      <Filter>헤더 파일</Filter>
    </ClInclude>
    <ClInclude Include="ACameraActor.h">
      <Filter>Object</Filter>
    </ClInclude>
  </ItemGroup>
  <ItemGroup>
    <ClCompile Include="pch.cpp">
      <Filter>소스 파일</Filter>
    </ClCompile>
    <ClCompile Include="Device.cpp">
      <Filter>Core</Filter>
    </ClCompile>
    <ClCompile Include="DxState.cpp">
      <Filter>Core</Filter>
    </ClCompile>
    <ClCompile Include="Engine.cpp">
      <Filter>Core</Filter>
    </ClCompile>
    <ClCompile Include="IExecute.cpp">
      <Filter>Core</Filter>
    </ClCompile>
    <ClCompile Include="Input.cpp">
      <Filter>Core</Filter>
    </ClCompile>
    <ClCompile Include="Inputlayout.cpp">
      <Filter>Resources</Filter>
    </ClCompile>
    <ClCompile Include="Shader.cpp">
      <Filter>Resources</Filter>
    </ClCompile>
    <ClCompile Include="SimpleMath.cpp">
      <Filter>Utils</Filter>
    </ClCompile>
    <ClCompile Include="Window.cpp">
      <Filter>Core</Filter>
    </ClCompile>
    <ClCompile Include="Texture.cpp">
      <Filter>Resources</Filter>
    </ClCompile>
    <ClCompile Include="DxWrite.cpp">
      <Filter>Core</Filter>
    </ClCompile>
    <ClCompile Include="UMaterial.cpp">
      <Filter>Material</Filter>
    </ClCompile>
    <ClCompile Include="UActorComponent.cpp">
      <Filter>Mesh</Filter>
    </ClCompile>
    <ClCompile Include="USceneComponent.cpp">
      <Filter>Mesh</Filter>
    </ClCompile>
    <ClCompile Include="UMeshComponent.cpp">
      <Filter>Mesh</Filter>
    </ClCompile>
    <ClCompile Include="UPrimitiveComponent.cpp">
      <Filter>Mesh</Filter>
    </ClCompile>
    <ClCompile Include="UStaticMeshComponent.cpp">
      <Filter>Mesh</Filter>
    </ClCompile>
    <ClCompile Include="Vertex.cpp">
      <Filter>소스 파일</Filter>
    </ClCompile>
    <ClCompile Include="UMeshData.cpp">
      <Filter>소스 파일</Filter>
    </ClCompile>
    <ClCompile Include="Timer.cpp">
      <Filter>Core</Filter>
    </ClCompile>
    <ClCompile Include="CameraComponent.cpp">
      <Filter>Camera</Filter>
    </ClCompile>
    <ClCompile Include="USkinnedComponent.cpp">
      <Filter>소스 파일</Filter>
    </ClCompile>
    <ClCompile Include="AActor.cpp">
      <Filter>Object</Filter>
    </ClCompile>
    <ClCompile Include="ACharacter.cpp">
      <Filter>Object</Filter>
    </ClCompile>
    <ClCompile Include="APawn.cpp">
      <Filter>Object</Filter>
    </ClCompile>
    <ClCompile Include="UObject.cpp">
      <Filter>Object</Filter>
    </ClCompile>
    <ClCompile Include="ACameraActor.cpp">
      <Filter>Object</Filter>
    </ClCompile>
  </ItemGroup>
  <ItemGroup>
    <None Include="SimpleMath.inl">
      <Filter>Utils</Filter>
    </None>
    <None Include="..\.gitignore" />
  </ItemGroup>
</Project>